{
  "version": 4,
  "terraform_version": "1.4.6",
  "serial": 1,
  "lineage": "d3084820-17e7-f2e0-828a-7a1be282b5cd",
  "outputs": {},
  "resources": [
    {
      "mode": "managed",
      "type": "local_file",
      "name": "local-file-creation-with-terraform",
      "provider": "provider[\"registry.terraform.io/hashicorp/local\"]",
      "instances": [
        {
          "schema_version": 0,
          "attributes": {
            "content": "Myself Nitin Arora, I'm a Cloud Infra \u0026 DevOps Engineer",
            "content_base64": null,
            "content_base64sha256": "YWnaIA6iEhcza0tqhC/8cE/mik4Aks2Kks/SaBa8k1I=",
            "content_base64sha512": "VNNL9yIxHNm15L/eR1NgL9pNogzuRRqXRJ8F6WmlmQoYlnFAdUr+OVf/VejUq8vauzN2Nhv/PaBb3dJXk4bn7A==",
            "content_md5": "afaa7f46495ecdac616cdcd65d00a064",
            "content_sha1": "56614d71b12431ed0ea427f2798f033cdb8bc6fe",
            "content_sha256": "6169da200ea21217336b4b6a842ffc704fe68a4e0092cd8a92cfd26816bc9352",
            "content_sha512": "54d34bf722311cd9b5e4bfde4753602fda4da20cee451a97449f05e969a5990a18967140754afe3957ff55e8d4abcbdabb3376361bff3da05bddd2579386e7ec",
            "directory_permission": "0777",
            "file_permission": "0777",
            "filename": "./day1.txt",
            "id": "56614d71b12431ed0ea427f2798f033cdb8bc6fe",
            "sensitive_content": null,
            "source": null
          },
          "sensitive_attributes": []
        }
      ]
    }
  ],
  "check_results": null
}
